// !$*UTF8*$!
{
	archiveVersion = 1;
	classes = {
	};
	objectVersion = 50;
	objects = {

/* Begin PBXBuildFile section */
		119FB1D22571EE8800B767C9 /* AppDelegate.swift in Sources */ = {isa = PBXBuildFile; fileRef = 119FB1D12571EE8800B767C9 /* AppDelegate.swift */; };
		119FB1D42571EE8800B767C9 /* SceneDelegate.swift in Sources */ = {isa = PBXBuildFile; fileRef = 119FB1D32571EE8800B767C9 /* SceneDelegate.swift */; };
		119FB1D62571EE8800B767C9 /* ViewController.swift in Sources */ = {isa = PBXBuildFile; fileRef = 119FB1D52571EE8800B767C9 /* ViewController.swift */; };
		119FB1D92571EE8800B767C9 /* Main.storyboard in Resources */ = {isa = PBXBuildFile; fileRef = 119FB1D72571EE8800B767C9 /* Main.storyboard */; };
		119FB1DB2571EE8900B767C9 /* Assets.xcassets in Resources */ = {isa = PBXBuildFile; fileRef = 119FB1DA2571EE8900B767C9 /* Assets.xcassets */; };
		119FB1DE2571EE8900B767C9 /* LaunchScreen.storyboard in Resources */ = {isa = PBXBuildFile; fileRef = 119FB1DC2571EE8900B767C9 /* LaunchScreen.storyboard */; };
/* End PBXBuildFile section */

/* Begin PBXFileReference section */
		119FB1CE2571EE8800B767C9 /* SanjeevWithBankaks.app */ = {isa = PBXFileReference; explicitFileType = wrapper.application; includeInIndex = 0; path = SanjeevWithBankaks.app; sourceTree = BUILT_PRODUCTS_DIR; };
		119FB1D12571EE8800B767C9 /* AppDelegate.swift */ = {isa = PBXFileReference; lastKnownFileType = sourcecode.swift; path = AppDelegate.swift; sourceTree = "<group>"; };
		119FB1D32571EE8800B767C9 /* SceneDelegate.swift */ = {isa = PBXFileReference; lastKnownFileType = sourcecode.swift; path = SceneDelegate.swift; sourceTree = "<group>"; };
		119FB1D52571EE8800B767C9 /* ViewController.swift */ = {isa = PBXFileReference; lastKnownFileType = sourcecode.swift; path = ViewController.swift; sourceTree = "<group>"; };
		119FB1D82571EE8800B767C9 /* Base */ = {isa = PBXFileReference; lastKnownFileType = file.storyboard; name = Base; path = Base.lproj/Main.storyboard; sourceTree = "<group>"; };
		119FB1DA2571EE8900B767C9 /* Assets.xcassets */ = {isa = PBXFileReference; lastKnownFileType = folder.assetcatalog; path = Assets.xcassets; sourceTree = "<group>"; };
		119FB1DD2571EE8900B767C9 /* Base */ = {isa = PBXFileReference; lastKnownFileType = file.storyboard; name = Base; path = Base.lproj/LaunchScreen.storyboard; sourceTree = "<group>"; };
		119FB1DF2571EE8900B767C9 /* Info.plist */ = {isa = PBXFileReference; lastKnownFileType = text.plist.xml; path = Info.plist; sourceTree = "<group>"; };
/* End PBXFileReference section */

/* Begin PBXFrameworksBuildPhase section */
		119FB1CB2571EE8800B767C9 /* Frameworks */ = {
			isa = PBXFrameworksBuildPhase;
			buildActionMask = 2147483647;
			files = (
			);
			runOnlyForDeploymentPostprocessing = 0;
		};
/* End PBXFrameworksBuildPhase section */

/* Begin PBXGroup section */
		119FB1C52571EE8800B767C9 = {
			isa = PBXGroup;
			children = (
				119FB1D02571EE8800B767C9 /* SanjeevWithBankaks */,
				119FB1CF2571EE8800B767C9 /* Products */,
			);
			sourceTree = "<group>";
		};
		119FB1CF2571EE8800B767C9 /* Products */ = {
			isa = PBXGroup;
			children = (
				119FB1CE2571EE8800B767C9 /* SanjeevWithBankaks.app */,
			);
			name = Products;
			sourceTree = "<group>";
		};
		119FB1D02571EE8800B767C9 /* SanjeevWithBankaks */ = {
			isa = PBXGroup;
			children = (
				119FB1D12571EE8800B767C9 /* AppDelegate.swift */,
				119FB1D32571EE8800B767C9 /* SceneDelegate.swift */,
				119FB1D52571EE8800B767C9 /* ViewController.swift */,
				119FB1D72571EE8800B767C9 /* Main.storyboard */,
				119FB1DA2571EE8900B767C9 /* Assets.xcassets */,
				119FB1DC2571EE8900B767C9 /* LaunchScreen.storyboard */,
				119FB1DF2571EE8900B767C9 /* Info.plist */,
			);
			path = SanjeevWithBankaks;
			sourceTree = "<group>";
		};
/* End PBXGroup section */

/* Begin PBXNativeTarget section */
		119FB1CD2571EE8800B767C9 /* SanjeevWithBankaks */ = {
			isa = PBXNativeTarget;
			buildConfigurationList = 119FB1E22571EE8900B767C9 /* Build configuration list for PBXNativeTarget "SanjeevWithBankaks" */;
			buildPhases = (
				119FB1CA2571EE8800B767C9 /* Sources */,
				119FB1CB2571EE8800B767C9 /* Frameworks */,
				119FB1CC2571EE8800B767C9 /* Resources */,
			);
			buildRules = (
			);
			dependencies = (
			);
			name = SanjeevWithBankaks;
			productName = SanjeevWithBankaks;
			productReference = 119FB1CE2571EE8800B767C9 /* SanjeevWithBankaks.app */;
			productType = "com.apple.product-type.application";
		};
/* End PBXNativeTarget section */

/* Begin PBXProject section */
		119FB1C62571EE8800B767C9 /* Project object */ = {
			isa = PBXProject;
			attributes = {
				LastSwiftUpdateCheck = 1140;
				LastUpgradeCheck = 1140;
				ORGANIZATIONNAME = "Sanjeev Mishra";
				TargetAttributes = {
					119FB1CD2571EE8800B767C9 = {
						CreatedOnToolsVersion = 11.4;
					};
				};
			};
			buildConfigurationList = 119FB1C92571EE8800B767C9 /* Build configuration list for PBXProject "SanjeevWithBankaks" */;
			compatibilityVersion = "Xcode 9.3";
			developmentRegion = en;
			hasScannedForEncodings = 0;
			knownRegions = (
				en,
				Base,
			);
			mainGroup = 119FB1C52571EE8800B767C9;
			productRefGroup = 119FB1CF2571EE8800B767C9 /* Products */;
			projectDirPath = "";
			projectRoot = "";
			targets = (
				119FB1CD2571EE8800B767C9 /* SanjeevWithBankaks */,
			);
		};
/* End PBXProject section */

/* Begin PBXResourcesBuildPhase section */
		119FB1CC2571EE8800B767C9 /* Resources */ = {
			isa = PBXResourcesBuildPhase;
			buildActionMask = 2147483647;
			files = (
				119FB1DE2571EE8900B767C9 /* LaunchScreen.storyboard in Resources */,
				119FB1DB2571EE8900B767C9 /* Assets.xcassets in Resources */,
				119FB1D92571EE8800B767C9 /* Main.storyboard in Resources */,
			);
			runOnlyForDeploymentPostprocessing = 0;
		};
/* End PBXResourcesBuildPhase section */

/* Begin PBXSourcesBuildPhase section */
		119FB1CA2571EE8800B767C9 /* Sources */ = {
			isa = PBXSourcesBuildPhase;
			buildActionMask = 2147483647;
			files = (
				119FB1D62571EE8800B767C9 /* ViewController.swift in Sources */,
				119FB1D22571EE8800B767C9 /* AppDelegate.swift in Sources */,
				119FB1D42571EE8800B767C9 /* SceneDelegate.swift in Sources */,
			);
			runOnlyForDeploymentPostprocessing = 0;
		};
/* End PBXSourcesBuildPhase section */

/* Begin PBXVariantGroup section */
		119FB1D72571EE8800B767C9 /* Main.storyboard */ = {
			isa = PBXVariantGroup;
			children = (
				119FB1D82571EE8800B767C9 /* Base */,
			);
			name = Main.storyboard;
			sourceTree = "<group>";
		};
		119FB1DC2571EE8900B767C9 /* LaunchScreen.storyboard */ = {
			isa = PBXVariantGroup;
			children = (
				119FB1DD2571EE8900B767C9 /* Base */,
			);
			name = LaunchScreen.storyboard;
			sourceTree = "<group>";
		};
/* End PBXVariantGroup section */

/* Begin XCBuildConfiguration section */
		119FB1E02571EE8900B767C9 /* Debug */ = {
			isa = XCBuildConfiguration;
			buildSettings = {
				ALWAYS_SEARCH_USER_PATHS = NO;
				CLANG_ANALYZER_NONNULL = YES;
				CLANG_ANALYZER_NUMBER_OBJECT_CONVERSION = YES_AGGRESSIVE;
				CLANG_CXX_LANGUAGE_STANDARD = "gnu++14";
				CLANG_CXX_LIBRARY = "libc++";
				CLANG_ENABLE_MODULES = YES;
				CLANG_ENABLE_OBJC_ARC = YES;
				CLANG_ENABLE_OBJC_WEAK = YES;
				CLANG_WARN_BLOCK_CAPTURE_AUTORELEASING = YES;
				CLANG_WARN_BOOL_CONVERSION = YES;
				CLANG_WARN_COMMA = YES;
				CLANG_WARN_CONSTANT_CONVERSION = YES;
				CLANG_WARN_DEPRECATED_OBJC_IMPLEMENTATIONS = YES;
				CLANG_WARN_DIRECT_OBJC_ISA_USAGE = YES_ERROR;
				CLANG_WARN_DOCUMENTATION_COMMENTS = YES;
				CLANG_WARN_EMPTY_BODY = YES;
				CLANG_WARN_ENUM_CONVERSION = YES;
				CLANG_WARN_INFINITE_RECURSION = YES;
				CLANG_WARN_INT_CONVERSION = YES;
				CLANG_WARN_NON_LITERAL_NULL_CONVERSION = YES;
				CLANG_WARN_OBJC_IMPLICIT_RETAIN_SELF = YES;
				CLANG_WARN_OBJC_LITERAL_CONVERSION = YES;
				CLANG_WARN_OBJC_ROOT_CLASS = YES_ERROR;
				CLANG_WARN_RANGE_LOOP_ANALYSIS = YES;
				CLANG_WARN_STRICT_PROTOTYPES = YES;
				CLANG_WARN_SUSPICIOUS_MOVE = YES;
				CLANG_WARN_UNGUARDED_AVAILABILITY = YES_AGGRESSIVE;
				CLANG_WARN_UNREACHABLE_CODE = YES;
				CLANG_WARN__DUPLICATE_METHOD_MATCH = YES;
				COPY_PHASE_STRIP = NO;
				DEBUG_INFORMATION_FORMAT = dwarf;
				ENABLE_STRICT_OBJC_MSGSEND = YES;
				ENABLE_TESTABILITY = YES;
				GCC_C_LANGUAGE_STANDARD = gnu11;
				GCC_DYNAMIC_NO_PIC = NO;
				GCC_NO_COMMON_BLOCKS = YES;
				GCC_OPTIMIZATION_LEVEL = 0;
				GCC_PREPROCESSOR_DEFINITIONS = (
					"DEBUG=1",
					"$(inherited)",
				);
				GCC_WARN_64_TO_32_BIT_CONVERSION = YES;
				GCC_WARN_ABOUT_RETURN_TYPE = YES_ERROR;
				GCC_WARN_UNDECLARED_SELECTOR = YES;
				GCC_WARN_UNINITIALIZED_AUTOS = YES_AGGRESSIVE;
				GCC_WARN_UNUSED_FUNCTION = YES;
				GCC_WARN_UNUSED_VARIABLE = YES;
				IPHONEOS_DEPLOYMENT_TARGET = 13.4;
				MTL_ENABLE_DEBUG_INFO = INCLUDE_SOURCE;
				MTL_FAST_MATH = YES;
				ONLY_ACTIVE_ARCH = YES;
				SDKROOT = iphoneos;
				SWIFT_ACTIVE_COMPILATION_CONDITIONS = DEBUG;
				SWIFT_OPTIMIZATION_LEVEL = "-Onone";
			};
			name = Debug;
		};
		119FB1E12571EE8900B767C9 /* Release */ = {
			isa = XCBuildConfiguration;
			buildSettings = {
				ALWAYS_SEARCH_USER_PATHS = NO;
				CLANG_ANALYZER_NONNULL = YES;
				CLANG_ANALYZER_NUMBER_OBJECT_CONVERSION = YES_AGGRESSIVE;
				CLANG_CXX_LANGUAGE_STANDARD = "gnu++14";
				CLANG_CXX_LIBRARY = "libc++";
				CLANG_ENABLE_MODULES = YES;
				CLANG_ENABLE_OBJC_ARC = YES;
				CLANG_ENABLE_OBJC_WEAK = YES;
				CLANG_WARN_BLOCK_CAPTURE_AUTORELEASING = YES;
				CLANG_WARN_BOOL_CONVERSION = YES;
				CLANG_WARN_COMMA = YES;
				CLANG_WARN_CONSTANT_CONVERSION = YES;
				CLANG_WARN_DEPRECATED_OBJC_IMPLEMENTATIONS = YES;
				CLANG_WARN_DIRECT_OBJC_ISA_USAGE = YES_ERROR;
				CLANG_WARN_DOCUMENTATION_COMMENTS = YES;
				CLANG_WARN_EMPTY_BODY = YES;
				CLANG_WARN_ENUM_CONVERSION = YES;
				CLANG_WARN_INFINITE_RECURSION = YES;
				CLANG_WARN_INT_CONVERSION = YES;
				CLANG_WARN_NON_LITERAL_NULL_CONVERSION = YES;
				CLANG_WARN_OBJC_IMPLICIT_RETAIN_SELF = YES;
				CLANG_WARN_OBJC_LITERAL_CONVERSION = YES;
				CLANG_WARN_OBJC_ROOT_CLASS = YES_ERROR;
				CLANG_WARN_RANGE_LOOP_ANALYSIS = YES;
				CLANG_WARN_STRICT_PROTOTYPES = YES;
				CLANG_WARN_SUSPICIOUS_MOVE = YES;
				CLANG_WARN_UNGUARDED_AVAILABILITY = YES_AGGRESSIVE;
				CLANG_WARN_UNREACHABLE_CODE = YES;
				CLANG_WARN__DUPLICATE_METHOD_MATCH = YES;
				COPY_PHASE_STRIP = NO;
				DEBUG_INFORMATION_FORMAT = "dwarf-with-dsym";
				ENABLE_NS_ASSERTIONS = NO;
				ENABLE_STRICT_OBJC_MSGSEND = YES;
				GCC_C_LANGUAGE_STANDARD = gnu11;
				GCC_NO_COMMON_BLOCKS = YES;
				GCC_WARN_64_TO_32_BIT_CONVERSION = YES;
				GCC_WARN_ABOUT_RETURN_TYPE = YES_ERROR;
				GCC_WARN_UNDECLARED_SELECTOR = YES;
				GCC_WARN_UNINITIALIZED_AUTOS = YES_AGGRESSIVE;
				GCC_WARN_UNUSED_FUNCTION = YES;
				GCC_WARN_UNUSED_VARIABLE = YES;
				IPHONEOS_DEPLOYMENT_TARGET = 13.4;
				MTL_ENABLE_DEBUG_INFO = NO;
				MTL_FAST_MATH = YES;
				SDKROOT = iphoneos;
				SWIFT_COMPILATION_MODE = wholemodule;
				SWIFT_OPTIMIZATION_LEVEL = "-O";
				VALIDATE_PRODUCT = YES;
			};
			name = Release;
		};
		119FB1E32571EE8900B767C9 /* Debug */ = {
			isa = XCBuildConfiguration;
			buildSettings = {
				ASSETCATALOG_COMPILER_APPICON_NAME = AppIcon;
				CODE_SIGN_STYLE = Automatic;
				INFOPLIST_FILE = SanjeevWithBankaks/Info.plist;
				LD_RUNPATH_SEARCH_PATHS = (
					"$(inherited)",
					"@executable_path/Frameworks",
				);
				PRODUCT_BUNDLE_IDENTIFIER = com.sanjeev.SanjeevWithBankaks;
				PRODUCT_NAME = "$(TARGET_NAME)";
				SWIFT_VERSION = 5.0;
				TARGETED_DEVICE_FAMILY = "1,2";
			};
			name = Debug;
		};
		119FB1E42571EE8900B767C9 /* Release */ = {
			isa = XCBuildConfiguration;
			buildSettings = {
				ASSETCATALOG_COMPILER_APPICON_NAME = AppIcon;
				CODE_SIGN_STYLE = Automatic;
				INFOPLIST_FILE = SanjeevWithBankaks/Info.plist;
				LD_RUNPATH_SEARCH_PATHS = (
					"$(inherited)",
					"@executable_path/Frameworks",
				);
				PRODUCT_BUNDLE_IDENTIFIER = com.sanjeev.SanjeevWithBankaks;
				PRODUCT_NAME = "$(TARGET_NAME)";
				SWIFT_VERSION = 5.0;
				TARGETED_DEVICE_FAMILY = "1,2";
			};
			name = Release;
		};
/* End XCBuildConfiguration section */

/* Begin XCConfigurationList section */
		119FB1C92571EE8800B767C9 /* Build configuration list for PBXProject "SanjeevWithBankaks" */ = {
			isa = XCConfigurationList;
			buildConfigurations = (
				119FB1E02571EE8900B767C9 /* Debug */,
				119FB1E12571EE8900B767C9 /* Release */,
			);
			defaultConfigurationIsVisible = 0;
			defaultConfigurationName = Release;
		};
		119FB1E22571EE8900B767C9 /* Build configuration list for PBXNativeTarget "SanjeevWithBankaks" */ = {
			isa = XCConfigurationList;
			buildConfigurations = (
				119FB1E32571EE8900B767C9 /* Debug */,
				119FB1E42571EE8900B767C9 /* Release */,
			);
			defaultConfigurationIsVisible = 0;
			defaultConfigurationName = Release;
		};
/* End XCConfigurationList section */
	};
	rootObject = 119FB1C62571EE8800B767C9 /* Project object */;
}
